// !$*UTF8*$!
{
	archiveVersion = 1;
	classes = {
	};
	objectVersion = 50;
	objects = {

/* Begin PBXBuildFile section */
		4D2CFB052374BCF80082D279 /* AppDelegate.swift in Sources */ = {isa = PBXBuildFile; fileRef = 4D2CFB042374BCF80082D279 /* AppDelegate.swift */; };
		4D2CFB072374BCF80082D279 /* art.scnassets in Resources */ = {isa = PBXBuildFile; fileRef = 4D2CFB062374BCF80082D279 /* art.scnassets */; };
		4D2CFB092374BCF80082D279 /* ViewController.swift in Sources */ = {isa = PBXBuildFile; fileRef = 4D2CFB082374BCF80082D279 /* ViewController.swift */; };
		4D2CFB0C2374BCF80082D279 /* Main.storyboard in Resources */ = {isa = PBXBuildFile; fileRef = 4D2CFB0A2374BCF80082D279 /* Main.storyboard */; };
		4D2CFB0E2374BCFC0082D279 /* Assets.xcassets in Resources */ = {isa = PBXBuildFile; fileRef = 4D2CFB0D2374BCFC0082D279 /* Assets.xcassets */; };
		4D2CFB112374BCFC0082D279 /* LaunchScreen.storyboard in Resources */ = {isa = PBXBuildFile; fileRef = 4D2CFB0F2374BCFC0082D279 /* LaunchScreen.storyboard */; };
/* End PBXBuildFile section */

/* Begin PBXContainerItemProxy section */
		4D2CFB182374BCFC0082D279 /* PBXContainerItemProxy */ = {
			isa = PBXContainerItemProxy;
			containerPortal = 4D2CFAF92374BCF80082D279 /* Project object */;
			proxyType = 1;
			remoteGlobalIDString = 4D2CFB002374BCF80082D279;
			remoteInfo = theylive;
		};
		4D2CFB232374BCFC0082D279 /* PBXContainerItemProxy */ = {
			isa = PBXContainerItemProxy;
			containerPortal = 4D2CFAF92374BCF80082D279 /* Project object */;
			proxyType = 1;
			remoteGlobalIDString = 4D2CFB002374BCF80082D279;
			remoteInfo = theylive;
		};
/* End PBXContainerItemProxy section */

/* Begin PBXFileReference section */
		4D2CFB012374BCF80082D279 /* theylive.app */ = {isa = PBXFileReference; explicitFileType = wrapper.application; includeInIndex = 0; path = theylive.app; sourceTree = BUILT_PRODUCTS_DIR; };
		4D2CFB042374BCF80082D279 /* AppDelegate.swift */ = {isa = PBXFileReference; lastKnownFileType = sourcecode.swift; path = AppDelegate.swift; sourceTree = "<group>"; };
		4D2CFB062374BCF80082D279 /* art.scnassets */ = {isa = PBXFileReference; lastKnownFileType = wrapper.scnassets; path = art.scnassets; sourceTree = "<group>"; };
		4D2CFB082374BCF80082D279 /* ViewController.swift */ = {isa = PBXFileReference; lastKnownFileType = sourcecode.swift; path = ViewController.swift; sourceTree = "<group>"; };
		4D2CFB0B2374BCF80082D279 /* Base */ = {isa = PBXFileReference; lastKnownFileType = file.storyboard; name = Base; path = Base.lproj/Main.storyboard; sourceTree = "<group>"; };
		4D2CFB0D2374BCFC0082D279 /* Assets.xcassets */ = {isa = PBXFileReference; lastKnownFileType = folder.assetcatalog; path = Assets.xcassets; sourceTree = "<group>"; };
		4D2CFB102374BCFC0082D279 /* Base */ = {isa = PBXFileReference; lastKnownFileType = file.storyboard; name = Base; path = Base.lproj/LaunchScreen.storyboard; sourceTree = "<group>"; };
		4D2CFB122374BCFC0082D279 /* Info.plist */ = {isa = PBXFileReference; lastKnownFileType = text.plist.xml; path = Info.plist; sourceTree = "<group>"; };
		4D2CFB172374BCFC0082D279 /* theyliveTests.xctest */ = {isa = PBXFileReference; explicitFileType = wrapper.cfbundle; includeInIndex = 0; path = theyliveTests.xctest; sourceTree = BUILT_PRODUCTS_DIR; };
		4D2CFB222374BCFC0082D279 /* theyliveUITests.xctest */ = {isa = PBXFileReference; explicitFileType = wrapper.cfbundle; includeInIndex = 0; path = theyliveUITests.xctest; sourceTree = BUILT_PRODUCTS_DIR; };
/* End PBXFileReference section */

/* Begin PBXFrameworksBuildPhase section */
		4D2CFAFE2374BCF80082D279 /* Frameworks */ = {
			isa = PBXFrameworksBuildPhase;
			buildActionMask = 2147483647;
			files = (
			);
			runOnlyForDeploymentPostprocessing = 0;
		};
		4D2CFB142374BCFC0082D279 /* Frameworks */ = {
			isa = PBXFrameworksBuildPhase;
			buildActionMask = 2147483647;
			files = (
			);
			runOnlyForDeploymentPostprocessing = 0;
		};
		4D2CFB1F2374BCFC0082D279 /* Frameworks */ = {
			isa = PBXFrameworksBuildPhase;
			buildActionMask = 2147483647;
			files = (
			);
			runOnlyForDeploymentPostprocessing = 0;
		};
/* End PBXFrameworksBuildPhase section */

/* Begin PBXGroup section */
		4D2CFAF82374BCF80082D279 = {
			isa = PBXGroup;
			children = (
				4D2CFB032374BCF80082D279 /* theylive */,
				4D2CFB022374BCF80082D279 /* Products */,
			);
			sourceTree = "<group>";
		};
		4D2CFB022374BCF80082D279 /* Products */ = {
			isa = PBXGroup;
			children = (
				4D2CFB012374BCF80082D279 /* theylive.app */,
				4D2CFB172374BCFC0082D279 /* theyliveTests.xctest */,
				4D2CFB222374BCFC0082D279 /* theyliveUITests.xctest */,
			);
			name = Products;
			sourceTree = "<group>";
		};
		4D2CFB032374BCF80082D279 /* theylive */ = {
			isa = PBXGroup;
			children = (
				4D2CFB042374BCF80082D279 /* AppDelegate.swift */,
				4D2CFB062374BCF80082D279 /* art.scnassets */,
				4D2CFB082374BCF80082D279 /* ViewController.swift */,
				4D2CFB0A2374BCF80082D279 /* Main.storyboard */,
				4D2CFB0D2374BCFC0082D279 /* Assets.xcassets */,
				4D2CFB0F2374BCFC0082D279 /* LaunchScreen.storyboard */,
				4D2CFB122374BCFC0082D279 /* Info.plist */,
			);
			path = theylive;
			sourceTree = "<group>";
		};
/* End PBXGroup section */

/* Begin PBXNativeTarget section */
		4D2CFB002374BCF80082D279 /* theylive */ = {
			isa = PBXNativeTarget;
			buildConfigurationList = 4D2CFB2B2374BCFC0082D279 /* Build configuration list for PBXNativeTarget "theylive" */;
			buildPhases = (
				4D2CFAFD2374BCF80082D279 /* Sources */,
				4D2CFAFE2374BCF80082D279 /* Frameworks */,
				4D2CFAFF2374BCF80082D279 /* Resources */,
			);
			buildRules = (
			);
			dependencies = (
			);
			name = theylive;
			productName = theylive;
			productReference = 4D2CFB012374BCF80082D279 /* theylive.app */;
			productType = "com.apple.product-type.application";
		};
		4D2CFB162374BCFC0082D279 /* theyliveTests */ = {
			isa = PBXNativeTarget;
			buildConfigurationList = 4D2CFB2E2374BCFC0082D279 /* Build configuration list for PBXNativeTarget "theyliveTests" */;
			buildPhases = (
				4D2CFB132374BCFC0082D279 /* Sources */,
				4D2CFB142374BCFC0082D279 /* Frameworks */,
				4D2CFB152374BCFC0082D279 /* Resources */,
			);
			buildRules = (
			);
			dependencies = (
				4D2CFB192374BCFC0082D279 /* PBXTargetDependency */,
			);
			name = theyliveTests;
			productName = theyliveTests;
			productReference = 4D2CFB172374BCFC0082D279 /* theyliveTests.xctest */;
			productType = "com.apple.product-type.bundle.unit-test";
		};
		4D2CFB212374BCFC0082D279 /* theyliveUITests */ = {
			isa = PBXNativeTarget;
			buildConfigurationList = 4D2CFB312374BCFC0082D279 /* Build configuration list for PBXNativeTarget "theyliveUITests" */;
			buildPhases = (
				4D2CFB1E2374BCFC0082D279 /* Sources */,
				4D2CFB1F2374BCFC0082D279 /* Frameworks */,
				4D2CFB202374BCFC0082D279 /* Resources */,
			);
			buildRules = (
			);
			dependencies = (
				4D2CFB242374BCFC0082D279 /* PBXTargetDependency */,
			);
			name = theyliveUITests;
			productName = theyliveUITests;
			productReference = 4D2CFB222374BCFC0082D279 /* theyliveUITests.xctest */;
			productType = "com.apple.product-type.bundle.ui-testing";
		};
/* End PBXNativeTarget section */

/* Begin PBXProject section */
		4D2CFAF92374BCF80082D279 /* Project object */ = {
			isa = PBXProject;
			attributes = {
				LastSwiftUpdateCheck = 1120;
				LastUpgradeCheck = 1120;
				ORGANIZATIONNAME = ruanestudios;
				TargetAttributes = {
					4D2CFB002374BCF80082D279 = {
						CreatedOnToolsVersion = 11.2;
					};
					4D2CFB162374BCFC0082D279 = {
						CreatedOnToolsVersion = 11.2;
						TestTargetID = 4D2CFB002374BCF80082D279;
					};
					4D2CFB212374BCFC0082D279 = {
						CreatedOnToolsVersion = 11.2;
						TestTargetID = 4D2CFB002374BCF80082D279;
					};
				};
			};
			buildConfigurationList = 4D2CFAFC2374BCF80082D279 /* Build configuration list for PBXProject "theylive" */;
			compatibilityVersion = "Xcode 9.3";
			developmentRegion = en;
			hasScannedForEncodings = 0;
			knownRegions = (
				en,
				Base,
			);
			mainGroup = 4D2CFAF82374BCF80082D279;
			productRefGroup = 4D2CFB022374BCF80082D279 /* Products */;
			projectDirPath = "";
			projectRoot = "";
			targets = (
				4D2CFB002374BCF80082D279 /* theylive */,
				4D2CFB162374BCFC0082D279 /* theyliveTests */,
				4D2CFB212374BCFC0082D279 /* theyliveUITests */,
			);
		};
/* End PBXProject section */

/* Begin PBXResourcesBuildPhase section */
		4D2CFAFF2374BCF80082D279 /* Resources */ = {
			isa = PBXResourcesBuildPhase;
			buildActionMask = 2147483647;
			files = (
				4D2CFB072374BCF80082D279 /* art.scnassets in Resources */,
				4D2CFB112374BCFC0082D279 /* LaunchScreen.storyboard in Resources */,
				4D2CFB0E2374BCFC0082D279 /* Assets.xcassets in Resources */,
				4D2CFB0C2374BCF80082D279 /* Main.storyboard in Resources */,
			);
			runOnlyForDeploymentPostprocessing = 0;
		};
		4D2CFB152374BCFC0082D279 /* Resources */ = {
			isa = PBXResourcesBuildPhase;
			buildActionMask = 2147483647;
			files = (
			);
			runOnlyForDeploymentPostprocessing = 0;
		};
		4D2CFB202374BCFC0082D279 /* Resources */ = {
			isa = PBXResourcesBuildPhase;
			buildActionMask = 2147483647;
			files = (
			);
			runOnlyForDeploymentPostprocessing = 0;
		};
/* End PBXResourcesBuildPhase section */

/* Begin PBXSourcesBuildPhase section */
		4D2CFAFD2374BCF80082D279 /* Sources */ = {
			isa = PBXSourcesBuildPhase;
			buildActionMask = 2147483647;
			files = (
				4D2CFB092374BCF80082D279 /* ViewController.swift in Sources */,
				4D2CFB052374BCF80082D279 /* AppDelegate.swift in Sources */,
			);
			runOnlyForDeploymentPostprocessing = 0;
		};
		4D2CFB132374BCFC0082D279 /* Sources */ = {
			isa = PBXSourcesBuildPhase;
			buildActionMask = 2147483647;
			files = (
			);
			runOnlyForDeploymentPostprocessing = 0;
		};
		4D2CFB1E2374BCFC0082D279 /* Sources */ = {
			isa = PBXSourcesBuildPhase;
			buildActionMask = 2147483647;
			files = (
			);
			runOnlyForDeploymentPostprocessing = 0;
		};
/* End PBXSourcesBuildPhase section */

/* Begin PBXTargetDependency section */
		4D2CFB192374BCFC0082D279 /* PBXTargetDependency */ = {
			isa = PBXTargetDependency;
			target = 4D2CFB002374BCF80082D279 /* theylive */;
			targetProxy = 4D2CFB182374BCFC0082D279 /* PBXContainerItemProxy */;
		};
		4D2CFB242374BCFC0082D279 /* PBXTargetDependency */ = {
			isa = PBXTargetDependency;
			target = 4D2CFB002374BCF80082D279 /* theylive */;
			targetProxy = 4D2CFB232374BCFC0082D279 /* PBXContainerItemProxy */;
		};
/* End PBXTargetDependency section */

/* Begin PBXVariantGroup section */
		4D2CFB0A2374BCF80082D279 /* Main.storyboard */ = {
			isa = PBXVariantGroup;
			children = (
				4D2CFB0B2374BCF80082D279 /* Base */,
			);
			name = Main.storyboard;
			sourceTree = "<group>";
		};
		4D2CFB0F2374BCFC0082D279 /* LaunchScreen.storyboard */ = {
			isa = PBXVariantGroup;
			children = (
				4D2CFB102374BCFC0082D279 /* Base */,
			);
			name = LaunchScreen.storyboard;
			sourceTree = "<group>";
		};
/* End PBXVariantGroup section */

/* Begin XCBuildConfiguration section */
		4D2CFB292374BCFC0082D279 /* Debug */ = {
			isa = XCBuildConfiguration;
			buildSettings = {
				ALWAYS_SEARCH_USER_PATHS = NO;
				CLANG_ANALYZER_NONNULL = YES;
				CLANG_ANALYZER_NUMBER_OBJECT_CONVERSION = YES_AGGRESSIVE;
				CLANG_CXX_LANGUAGE_STANDARD = "gnu++14";
				CLANG_CXX_LIBRARY = "libc++";
				CLANG_ENABLE_MODULES = YES;
				CLANG_ENABLE_OBJC_ARC = YES;
				CLANG_ENABLE_OBJC_WEAK = YES;
				CLANG_WARN_BLOCK_CAPTURE_AUTORELEASING = YES;
				CLANG_WARN_BOOL_CONVERSION = YES;
				CLANG_WARN_COMMA = YES;
				CLANG_WARN_CONSTANT_CONVERSION = YES;
				CLANG_WARN_DEPRECATED_OBJC_IMPLEMENTATIONS = YES;
				CLANG_WARN_DIRECT_OBJC_ISA_USAGE = YES_ERROR;
				CLANG_WARN_DOCUMENTATION_COMMENTS = YES;
				CLANG_WARN_EMPTY_BODY = YES;
				CLANG_WARN_ENUM_CONVERSION = YES;
				CLANG_WARN_INFINITE_RECURSION = YES;
				CLANG_WARN_INT_CONVERSION = YES;
				CLANG_WARN_NON_LITERAL_NULL_CONVERSION = YES;
				CLANG_WARN_OBJC_IMPLICIT_RETAIN_SELF = YES;
				CLANG_WARN_OBJC_LITERAL_CONVERSION = YES;
				CLANG_WARN_OBJC_ROOT_CLASS = YES_ERROR;
				CLANG_WARN_RANGE_LOOP_ANALYSIS = YES;
				CLANG_WARN_STRICT_PROTOTYPES = YES;
				CLANG_WARN_SUSPICIOUS_MOVE = YES;
				CLANG_WARN_UNGUARDED_AVAILABILITY = YES_AGGRESSIVE;
				CLANG_WARN_UNREACHABLE_CODE = YES;
				CLANG_WARN__DUPLICATE_METHOD_MATCH = YES;
				COPY_PHASE_STRIP = NO;
				DEBUG_INFORMATION_FORMAT = dwarf;
				ENABLE_STRICT_OBJC_MSGSEND = YES;
				ENABLE_TESTABILITY = YES;
				GCC_C_LANGUAGE_STANDARD = gnu11;
				GCC_DYNAMIC_NO_PIC = NO;
				GCC_NO_COMMON_BLOCKS = YES;
				GCC_OPTIMIZATION_LEVEL = 0;
				GCC_PREPROCESSOR_DEFINITIONS = (
					"DEBUG=1",
					"$(inherited)",
				);
				GCC_WARN_64_TO_32_BIT_CONVERSION = YES;
				GCC_WARN_ABOUT_RETURN_TYPE = YES_ERROR;
				GCC_WARN_UNDECLARED_SELECTOR = YES;
				GCC_WARN_UNINITIALIZED_AUTOS = YES_AGGRESSIVE;
				GCC_WARN_UNUSED_FUNCTION = YES;
				GCC_WARN_UNUSED_VARIABLE = YES;
				IPHONEOS_DEPLOYMENT_TARGET = 13.2;
				MTL_ENABLE_DEBUG_INFO = INCLUDE_SOURCE;
				MTL_FAST_MATH = YES;
				ONLY_ACTIVE_ARCH = YES;
				SDKROOT = iphoneos;
				SWIFT_ACTIVE_COMPILATION_CONDITIONS = DEBUG;
				SWIFT_OPTIMIZATION_LEVEL = "-Onone";
			};
			name = Debug;
		};
		4D2CFB2A2374BCFC0082D279 /* Release */ = {
			isa = XCBuildConfiguration;
			buildSettings = {
				ALWAYS_SEARCH_USER_PATHS = NO;
				CLANG_ANALYZER_NONNULL = YES;
				CLANG_ANALYZER_NUMBER_OBJECT_CONVERSION = YES_AGGRESSIVE;
				CLANG_CXX_LANGUAGE_STANDARD = "gnu++14";
				CLANG_CXX_LIBRARY = "libc++";
				CLANG_ENABLE_MODULES = YES;
				CLANG_ENABLE_OBJC_ARC = YES;
				CLANG_ENABLE_OBJC_WEAK = YES;
				CLANG_WARN_BLOCK_CAPTURE_AUTORELEASING = YES;
				CLANG_WARN_BOOL_CONVERSION = YES;
				CLANG_WARN_COMMA = YES;
				CLANG_WARN_CONSTANT_CONVERSION = YES;
				CLANG_WARN_DEPRECATED_OBJC_IMPLEMENTATIONS = YES;
				CLANG_WARN_DIRECT_OBJC_ISA_USAGE = YES_ERROR;
				CLANG_WARN_DOCUMENTATION_COMMENTS = YES;
				CLANG_WARN_EMPTY_BODY = YES;
				CLANG_WARN_ENUM_CONVERSION = YES;
				CLANG_WARN_INFINITE_RECURSION = YES;
				CLANG_WARN_INT_CONVERSION = YES;
				CLANG_WARN_NON_LITERAL_NULL_CONVERSION = YES;
				CLANG_WARN_OBJC_IMPLICIT_RETAIN_SELF = YES;
				CLANG_WARN_OBJC_LITERAL_CONVERSION = YES;
				CLANG_WARN_OBJC_ROOT_CLASS = YES_ERROR;
				CLANG_WARN_RANGE_LOOP_ANALYSIS = YES;
				CLANG_WARN_STRICT_PROTOTYPES = YES;
				CLANG_WARN_SUSPICIOUS_MOVE = YES;
				CLANG_WARN_UNGUARDED_AVAILABILITY = YES_AGGRESSIVE;
				CLANG_WARN_UNREACHABLE_CODE = YES;
				CLANG_WARN__DUPLICATE_METHOD_MATCH = YES;
				COPY_PHASE_STRIP = NO;
				DEBUG_INFORMATION_FORMAT = "dwarf-with-dsym";
				ENABLE_NS_ASSERTIONS = NO;
				ENABLE_STRICT_OBJC_MSGSEND = YES;
				GCC_C_LANGUAGE_STANDARD = gnu11;
				GCC_NO_COMMON_BLOCKS = YES;
				GCC_WARN_64_TO_32_BIT_CONVERSION = YES;
				GCC_WARN_ABOUT_RETURN_TYPE = YES_ERROR;
				GCC_WARN_UNDECLARED_SELECTOR = YES;
				GCC_WARN_UNINITIALIZED_AUTOS = YES_AGGRESSIVE;
				GCC_WARN_UNUSED_FUNCTION = YES;
				GCC_WARN_UNUSED_VARIABLE = YES;
				IPHONEOS_DEPLOYMENT_TARGET = 13.2;
				MTL_ENABLE_DEBUG_INFO = NO;
				MTL_FAST_MATH = YES;
				SDKROOT = iphoneos;
				SWIFT_COMPILATION_MODE = wholemodule;
				SWIFT_OPTIMIZATION_LEVEL = "-O";
				VALIDATE_PRODUCT = YES;
			};
			name = Release;
		};
		4D2CFB2C2374BCFC0082D279 /* Debug */ = {
			isa = XCBuildConfiguration;
			buildSettings = {
				ASSETCATALOG_COMPILER_APPICON_NAME = AppIcon;
				CODE_SIGN_STYLE = Automatic;
				DEVELOPMENT_TEAM = 2U8DTX59Y4;
				INFOPLIST_FILE = theylive/Info.plist;
				IPHONEOS_DEPLOYMENT_TARGET = 13.2;
				LD_RUNPATH_SEARCH_PATHS = (
					"$(inherited)",
					"@executable_path/Frameworks",
				);
				PRODUCT_BUNDLE_IDENTIFIER = com.ruanestudios.theylive;
				PRODUCT_NAME = "$(TARGET_NAME)";
				SWIFT_VERSION = 5.0;
				TARGETED_DEVICE_FAMILY = "1,2";
			};
			name = Debug;
		};
		4D2CFB2D2374BCFC0082D279 /* Release */ = {
			isa = XCBuildConfiguration;
			buildSettings = {
				ASSETCATALOG_COMPILER_APPICON_NAME = AppIcon;
				CODE_SIGN_STYLE = Automatic;
				DEVELOPMENT_TEAM = G8QGX59NPW;
				INFOPLIST_FILE = theylive/Info.plist;
				IPHONEOS_DEPLOYMENT_TARGET = 13.2;
				LD_RUNPATH_SEARCH_PATHS = (
					"$(inherited)",
					"@executable_path/Frameworks",
				);
				PRODUCT_BUNDLE_IDENTIFIER = com.ruanestudios.theylive;
				PRODUCT_NAME = "$(TARGET_NAME)";
				SWIFT_VERSION = 5.0;
				TARGETED_DEVICE_FAMILY = "1,2";
			};
			name = Release;
		};
		4D2CFB2F2374BCFC0082D279 /* Debug */ = {
			isa = XCBuildConfiguration;
			buildSettings = {
				ALWAYS_EMBED_SWIFT_STANDARD_LIBRARIES = YES;
				BUNDLE_LOADER = "$(TEST_HOST)";
				CODE_SIGN_STYLE = Automatic;
				DEVELOPMENT_TEAM = G8QGX59NPW;
				INFOPLIST_FILE = theyliveTests/Info.plist;
				IPHONEOS_DEPLOYMENT_TARGET = 13.2;
				LD_RUNPATH_SEARCH_PATHS = (
					"$(inherited)",
					"@executable_path/Frameworks",
					"@loader_path/Frameworks",
				);
				PRODUCT_BUNDLE_IDENTIFIER = com.ruanestudios.theyliveTests;
				PRODUCT_NAME = "$(TARGET_NAME)";
				SWIFT_VERSION = 5.0;
				TARGETED_DEVICE_FAMILY = "1,2";
				TEST_HOST = "$(BUILT_PRODUCTS_DIR)/theylive.app/theylive";
			};
			name = Debug;
		};
		4D2CFB302374BCFC0082D279 /* Release */ = {
			isa = XCBuildConfiguration;
			buildSettings = {
				ALWAYS_EMBED_SWIFT_STANDARD_LIBRARIES = YES;
				BUNDLE_LOADER = "$(TEST_HOST)";
				CODE_SIGN_STYLE = Automatic;
				DEVELOPMENT_TEAM = G8QGX59NPW;
				INFOPLIST_FILE = theyliveTests/Info.plist;
				IPHONEOS_DEPLOYMENT_TARGET = 13.2;
				LD_RUNPATH_SEARCH_PATHS = (
					"$(inherited)",
					"@executable_path/Frameworks",
					"@loader_path/Frameworks",
				);
				PRODUCT_BUNDLE_IDENTIFIER = com.ruanestudios.theyliveTests;
				PRODUCT_NAME = "$(TARGET_NAME)";
				SWIFT_VERSION = 5.0;
				TARGETED_DEVICE_FAMILY = "1,2";
				TEST_HOST = "$(BUILT_PRODUCTS_DIR)/theylive.app/theylive";
			};
			name = Release;
		};
		4D2CFB322374BCFC0082D279 /* Debug */ = {
			isa = XCBuildConfiguration;
			buildSettings = {
				ALWAYS_EMBED_SWIFT_STANDARD_LIBRARIES = YES;
				CODE_SIGN_STYLE = Automatic;
				DEVELOPMENT_TEAM = G8QGX59NPW;
				INFOPLIST_FILE = theyliveUITests/Info.plist;
				LD_RUNPATH_SEARCH_PATHS = (
					"$(inherited)",
					"@executable_path/Frameworks",
					"@loader_path/Frameworks",
				);
				PRODUCT_BUNDLE_IDENTIFIER = com.ruanestudios.theyliveUITests;
				PRODUCT_NAME = "$(TARGET_NAME)";
				SWIFT_VERSION = 5.0;
				TARGETED_DEVICE_FAMILY = "1,2";
				TEST_TARGET_NAME = theylive;
			};
			name = Debug;
		};
		4D2CFB332374BCFC0082D279 /* Release */ = {
			isa = XCBuildConfiguration;
			buildSettings = {
				ALWAYS_EMBED_SWIFT_STANDARD_LIBRARIES = YES;
				CODE_SIGN_STYLE = Automatic;
				DEVELOPMENT_TEAM = G8QGX59NPW;
				INFOPLIST_FILE = theyliveUITests/Info.plist;
				LD_RUNPATH_SEARCH_PATHS = (
					"$(inherited)",
					"@executable_path/Frameworks",
					"@loader_path/Frameworks",
				);
				PRODUCT_BUNDLE_IDENTIFIER = com.ruanestudios.theyliveUITests;
				PRODUCT_NAME = "$(TARGET_NAME)";
				SWIFT_VERSION = 5.0;
				TARGETED_DEVICE_FAMILY = "1,2";
				TEST_TARGET_NAME = theylive;
			};
			name = Release;
		};
/* End XCBuildConfiguration section */

/* Begin XCConfigurationList section */
		4D2CFAFC2374BCF80082D279 /* Build configuration list for PBXProject "theylive" */ = {
			isa = XCConfigurationList;
			buildConfigurations = (
				4D2CFB292374BCFC0082D279 /* Debug */,
				4D2CFB2A2374BCFC0082D279 /* Release */,
			);
			defaultConfigurationIsVisible = 0;
			defaultConfigurationName = Release;
		};
		4D2CFB2B2374BCFC0082D279 /* Build configuration list for PBXNativeTarget "theylive" */ = {
			isa = XCConfigurationList;
			buildConfigurations = (
				4D2CFB2C2374BCFC0082D279 /* Debug */,
				4D2CFB2D2374BCFC0082D279 /* Release */,
			);
			defaultConfigurationIsVisible = 0;
			defaultConfigurationName = Release;
		};
		4D2CFB2E2374BCFC0082D279 /* Build configuration list for PBXNativeTarget "theyliveTests" */ = {
			isa = XCConfigurationList;
			buildConfigurations = (
				4D2CFB2F2374BCFC0082D279 /* Debug */,
				4D2CFB302374BCFC0082D279 /* Release */,
			);
			defaultConfigurationIsVisible = 0;
			defaultConfigurationName = Release;
		};
		4D2CFB312374BCFC0082D279 /* Build configuration list for PBXNativeTarget "theyliveUITests" */ = {
			isa = XCConfigurationList;
			buildConfigurations = (
				4D2CFB322374BCFC0082D279 /* Debug */,
				4D2CFB332374BCFC0082D279 /* Release */,
			);
			defaultConfigurationIsVisible = 0;
			defaultConfigurationName = Release;
		};
/* End XCConfigurationList section */
	};
	rootObject = 4D2CFAF92374BCF80082D279 /* Project object */;
}
